hash: 2721a18f385c53d5c1c6b0e23d741e7b53ca25c591057c95e242b73a6443af13
updated: 2018-01-09T07:00:14.565482+07:00
imports:
- name: github.com/apache/thrift
  version: b2a4d4ae21c789b689dd162deb819665567f481c
  subpackages:
  - lib/go/thrift
- name: github.com/codahale/hdrhistogram
  version: f8ad88b59a584afeee9d334eff879b104439117b
- name: github.com/labstack/echo
  version: c8bedd1cf928bcd4315f771319d3063746066c11
- name: github.com/labstack/gommon
  version: 57409ada9da0f2afad6664c49502f8c50fbd8476
  subpackages:
  - color
  - log
- name: github.com/mattn/go-colorable
  version: 586e6dcca296d085100876beb6dbf02287a247f7
- name: github.com/mattn/go-isatty
  version: 6ca4dbf54d38eea1a992b3c722a76a5d1c4cb25c
- name: github.com/opentracing-contrib/go-stdlib
  version: b1a47cfbdd7543e70e9ef3e73d0802ad306cc1cc
  subpackages:
  - nethttp
- name: github.com/opentracing/opentracing-go
  version: 1949ddbfd147afd4d964a9f00b24eb291e0e7c38
  subpackages:
  - ext
  - log
- name: github.com/uber/jaeger-client-go
  version: e02c85f9069ea625a96fc4e1afb5e9ac6c569a6d
  subpackages:
  - config
  - internal/baggage
  - internal/baggage/remote
  - internal/spanlog
  - log
  - rpcmetrics
  - thrift-gen/agent
  - thrift-gen/baggage
  - thrift-gen/jaeger
  - thrift-gen/sampling
  - thrift-gen/zipkincore
  - utils
- name: github.com/uber/jaeger-lib
  version: 5519f3beabf28707fca8d3f47f9cff87dad48d96
  subpackages:
  - metrics
- name: github.com/valyala/bytebufferpool
  version: e746df99fe4a3986f4d4f79e13c1e0117ce9c2f7
- name: github.com/valyala/fasttemplate
  version: dcecefd839c4193db0d35b88ec65b4c12d360ab0
- name: golang.org/x/crypto
  version: 0fcca4842a8d74bfddc2c96a073bd2a4d2a7a2e8
  subpackages:
  - acme
  - acme/autocert
- name: golang.org/x/net
  version: a337091b0525af65de94df2eb7e98bd9962dcbe2
  subpackages:
  - context
- name: golang.org/x/sys
  version: 2493af8e3bc76234993370d82120c7e15ed4c95b
  subpackages:
  - unix
testImports: []
